// !$*UTF8*$!
{
	archiveVersion = 1;
	classes = {
	};
	objectVersion = 48;
	objects = {

/* Begin PBXBuildFile section */
		F99A5B92200EAAAB00498366 /* AppDelegate.swift in Sources */ = {isa = PBXBuildFile; fileRef = F99A5B91200EAAAB00498366 /* AppDelegate.swift */; };
		F99A5B94200EAAAB00498366 /* ViewController.swift in Sources */ = {isa = PBXBuildFile; fileRef = F99A5B93200EAAAB00498366 /* ViewController.swift */; };
		F99A5B97200EAAAB00498366 /* Main.storyboard in Resources */ = {isa = PBXBuildFile; fileRef = F99A5B95200EAAAB00498366 /* Main.storyboard */; };
		F99A5B99200EAAAB00498366 /* Assets.xcassets in Resources */ = {isa = PBXBuildFile; fileRef = F99A5B98200EAAAB00498366 /* Assets.xcassets */; };
		F99A5B9C200EAAAB00498366 /* LaunchScreen.storyboard in Resources */ = {isa = PBXBuildFile; fileRef = F99A5B9A200EAAAB00498366 /* LaunchScreen.storyboard */; };
		F99A5BA7200EAAAC00498366 /* bucketlistTests.swift in Sources */ = {isa = PBXBuildFile; fileRef = F99A5BA6200EAAAC00498366 /* bucketlistTests.swift */; };
		F99A5BB2200EAAAC00498366 /* bucketlistUITests.swift in Sources */ = {isa = PBXBuildFile; fileRef = F99A5BB1200EAAAC00498366 /* bucketlistUITests.swift */; };
/* End PBXBuildFile section */

/* Begin PBXContainerItemProxy section */
		F99A5BA3200EAAAC00498366 /* PBXContainerItemProxy */ = {
			isa = PBXContainerItemProxy;
			containerPortal = F99A5B86200EAAAB00498366 /* Project object */;
			proxyType = 1;
			remoteGlobalIDString = F99A5B8D200EAAAB00498366;
			remoteInfo = bucketlist;
		};
		F99A5BAE200EAAAC00498366 /* PBXContainerItemProxy */ = {
			isa = PBXContainerItemProxy;
			containerPortal = F99A5B86200EAAAB00498366 /* Project object */;
			proxyType = 1;
			remoteGlobalIDString = F99A5B8D200EAAAB00498366;
			remoteInfo = bucketlist;
		};
/* End PBXContainerItemProxy section */

/* Begin PBXFileReference section */
		F99A5B8E200EAAAB00498366 /* bucketlist.app */ = {isa = PBXFileReference; explicitFileType = wrapper.application; includeInIndex = 0; path = bucketlist.app; sourceTree = BUILT_PRODUCTS_DIR; };
		F99A5B91200EAAAB00498366 /* AppDelegate.swift */ = {isa = PBXFileReference; lastKnownFileType = sourcecode.swift; path = AppDelegate.swift; sourceTree = "<group>"; };
		F99A5B93200EAAAB00498366 /* ViewController.swift */ = {isa = PBXFileReference; lastKnownFileType = sourcecode.swift; path = ViewController.swift; sourceTree = "<group>"; };
		F99A5B96200EAAAB00498366 /* Base */ = {isa = PBXFileReference; lastKnownFileType = file.storyboard; name = Base; path = Base.lproj/Main.storyboard; sourceTree = "<group>"; };
		F99A5B98200EAAAB00498366 /* Assets.xcassets */ = {isa = PBXFileReference; lastKnownFileType = folder.assetcatalog; path = Assets.xcassets; sourceTree = "<group>"; };
		F99A5B9B200EAAAB00498366 /* Base */ = {isa = PBXFileReference; lastKnownFileType = file.storyboard; name = Base; path = Base.lproj/LaunchScreen.storyboard; sourceTree = "<group>"; };
		F99A5B9D200EAAAB00498366 /* Info.plist */ = {isa = PBXFileReference; lastKnownFileType = text.plist.xml; path = Info.plist; sourceTree = "<group>"; };
		F99A5BA2200EAAAC00498366 /* bucketlistTests.xctest */ = {isa = PBXFileReference; explicitFileType = wrapper.cfbundle; includeInIndex = 0; path = bucketlistTests.xctest; sourceTree = BUILT_PRODUCTS_DIR; };
		F99A5BA6200EAAAC00498366 /* bucketlistTests.swift */ = {isa = PBXFileReference; lastKnownFileType = sourcecode.swift; path = bucketlistTests.swift; sourceTree = "<group>"; };
		F99A5BA8200EAAAC00498366 /* Info.plist */ = {isa = PBXFileReference; lastKnownFileType = text.plist.xml; path = Info.plist; sourceTree = "<group>"; };
		F99A5BAD200EAAAC00498366 /* bucketlistUITests.xctest */ = {isa = PBXFileReference; explicitFileType = wrapper.cfbundle; includeInIndex = 0; path = bucketlistUITests.xctest; sourceTree = BUILT_PRODUCTS_DIR; };
		F99A5BB1200EAAAC00498366 /* bucketlistUITests.swift */ = {isa = PBXFileReference; lastKnownFileType = sourcecode.swift; path = bucketlistUITests.swift; sourceTree = "<group>"; };
		F99A5BB3200EAAAC00498366 /* Info.plist */ = {isa = PBXFileReference; lastKnownFileType = text.plist.xml; path = Info.plist; sourceTree = "<group>"; };
/* End PBXFileReference section */

/* Begin PBXFrameworksBuildPhase section */
		F99A5B8B200EAAAB00498366 /* Frameworks */ = {
			isa = PBXFrameworksBuildPhase;
			buildActionMask = 2147483647;
			files = (
			);
			runOnlyForDeploymentPostprocessing = 0;
		};
		F99A5B9F200EAAAC00498366 /* Frameworks */ = {
			isa = PBXFrameworksBuildPhase;
			buildActionMask = 2147483647;
			files = (
			);
			runOnlyForDeploymentPostprocessing = 0;
		};
		F99A5BAA200EAAAC00498366 /* Frameworks */ = {
			isa = PBXFrameworksBuildPhase;
			buildActionMask = 2147483647;
			files = (
			);
			runOnlyForDeploymentPostprocessing = 0;
		};
/* End PBXFrameworksBuildPhase section */

/* Begin PBXGroup section */
		F99A5B85200EAAAB00498366 = {
			isa = PBXGroup;
			children = (
				F99A5B90200EAAAB00498366 /* bucketlist */,
				F99A5BA5200EAAAC00498366 /* bucketlistTests */,
				F99A5BB0200EAAAC00498366 /* bucketlistUITests */,
				F99A5B8F200EAAAB00498366 /* Products */,
			);
			sourceTree = "<group>";
		};
		F99A5B8F200EAAAB00498366 /* Products */ = {
			isa = PBXGroup;
			children = (
				F99A5B8E200EAAAB00498366 /* bucketlist.app */,
				F99A5BA2200EAAAC00498366 /* bucketlistTests.xctest */,
				F99A5BAD200EAAAC00498366 /* bucketlistUITests.xctest */,
			);
			name = Products;
			sourceTree = "<group>";
		};
		F99A5B90200EAAAB00498366 /* bucketlist */ = {
			isa = PBXGroup;
			children = (
				F99A5B91200EAAAB00498366 /* AppDelegate.swift */,
				F99A5B93200EAAAB00498366 /* ViewController.swift */,
				F99A5B95200EAAAB00498366 /* Main.storyboard */,
				F99A5B98200EAAAB00498366 /* Assets.xcassets */,
				F99A5B9A200EAAAB00498366 /* LaunchScreen.storyboard */,
				F99A5B9D200EAAAB00498366 /* Info.plist */,
			);
			path = bucketlist;
			sourceTree = "<group>";
		};
		F99A5BA5200EAAAC00498366 /* bucketlistTests */ = {
			isa = PBXGroup;
			children = (
				F99A5BA6200EAAAC00498366 /* bucketlistTests.swift */,
				F99A5BA8200EAAAC00498366 /* Info.plist */,
			);
			path = bucketlistTests;
			sourceTree = "<group>";
		};
		F99A5BB0200EAAAC00498366 /* bucketlistUITests */ = {
			isa = PBXGroup;
			children = (
				F99A5BB1200EAAAC00498366 /* bucketlistUITests.swift */,
				F99A5BB3200EAAAC00498366 /* Info.plist */,
			);
			path = bucketlistUITests;
			sourceTree = "<group>";
		};
/* End PBXGroup section */

/* Begin PBXNativeTarget section */
		F99A5B8D200EAAAB00498366 /* bucketlist */ = {
			isa = PBXNativeTarget;
			buildConfigurationList = F99A5BB6200EAAAC00498366 /* Build configuration list for PBXNativeTarget "bucketlist" */;
			buildPhases = (
				F99A5B8A200EAAAB00498366 /* Sources */,
				F99A5B8B200EAAAB00498366 /* Frameworks */,
				F99A5B8C200EAAAB00498366 /* Resources */,
			);
			buildRules = (
			);
			dependencies = (
			);
			name = bucketlist;
			productName = bucketlist;
			productReference = F99A5B8E200EAAAB00498366 /* bucketlist.app */;
			productType = "com.apple.product-type.application";
		};
		F99A5BA1200EAAAC00498366 /* bucketlistTests */ = {
			isa = PBXNativeTarget;
			buildConfigurationList = F99A5BB9200EAAAC00498366 /* Build configuration list for PBXNativeTarget "bucketlistTests" */;
			buildPhases = (
				F99A5B9E200EAAAC00498366 /* Sources */,
				F99A5B9F200EAAAC00498366 /* Frameworks */,
				F99A5BA0200EAAAC00498366 /* Resources */,
			);
			buildRules = (
			);
			dependencies = (
				F99A5BA4200EAAAC00498366 /* PBXTargetDependency */,
			);
			name = bucketlistTests;
			productName = bucketlistTests;
			productReference = F99A5BA2200EAAAC00498366 /* bucketlistTests.xctest */;
			productType = "com.apple.product-type.bundle.unit-test";
		};
		F99A5BAC200EAAAC00498366 /* bucketlistUITests */ = {
			isa = PBXNativeTarget;
			buildConfigurationList = F99A5BBC200EAAAC00498366 /* Build configuration list for PBXNativeTarget "bucketlistUITests" */;
			buildPhases = (
				F99A5BA9200EAAAC00498366 /* Sources */,
				F99A5BAA200EAAAC00498366 /* Frameworks */,
				F99A5BAB200EAAAC00498366 /* Resources */,
			);
			buildRules = (
			);
			dependencies = (
				F99A5BAF200EAAAC00498366 /* PBXTargetDependency */,
			);
			name = bucketlistUITests;
			productName = bucketlistUITests;
			productReference = F99A5BAD200EAAAC00498366 /* bucketlistUITests.xctest */;
			productType = "com.apple.product-type.bundle.ui-testing";
		};
/* End PBXNativeTarget section */

/* Begin PBXProject section */
		F99A5B86200EAAAB00498366 /* Project object */ = {
			isa = PBXProject;
			attributes = {
				LastSwiftUpdateCheck = 0920;
				LastUpgradeCheck = 0920;
				ORGANIZATIONNAME = "Omar Ihmoda";
				TargetAttributes = {
					F99A5B8D200EAAAB00498366 = {
						CreatedOnToolsVersion = 9.2;
						ProvisioningStyle = Automatic;
					};
					F99A5BA1200EAAAC00498366 = {
						CreatedOnToolsVersion = 9.2;
						ProvisioningStyle = Automatic;
						TestTargetID = F99A5B8D200EAAAB00498366;
					};
					F99A5BAC200EAAAC00498366 = {
						CreatedOnToolsVersion = 9.2;
						ProvisioningStyle = Automatic;
						TestTargetID = F99A5B8D200EAAAB00498366;
					};
				};
			};
			buildConfigurationList = F99A5B89200EAAAB00498366 /* Build configuration list for PBXProject "bucketlist" */;
			compatibilityVersion = "Xcode 8.0";
			developmentRegion = en;
			hasScannedForEncodings = 0;
			knownRegions = (
				en,
				Base,
			);
			mainGroup = F99A5B85200EAAAB00498366;
			productRefGroup = F99A5B8F200EAAAB00498366 /* Products */;
			projectDirPath = "";
			projectRoot = "";
			targets = (
				F99A5B8D200EAAAB00498366 /* bucketlist */,
				F99A5BA1200EAAAC00498366 /* bucketlistTests */,
				F99A5BAC200EAAAC00498366 /* bucketlistUITests */,
			);
		};
/* End PBXProject section */

/* Begin PBXResourcesBuildPhase section */
		F99A5B8C200EAAAB00498366 /* Resources */ = {
			isa = PBXResourcesBuildPhase;
			buildActionMask = 2147483647;
			files = (
				F99A5B9C200EAAAB00498366 /* LaunchScreen.storyboard in Resources */,
				F99A5B99200EAAAB00498366 /* Assets.xcassets in Resources */,
				F99A5B97200EAAAB00498366 /* Main.storyboard in Resources */,
			);
			runOnlyForDeploymentPostprocessing = 0;
		};
		F99A5BA0200EAAAC00498366 /* Resources */ = {
			isa = PBXResourcesBuildPhase;
			buildActionMask = 2147483647;
			files = (
			);
			runOnlyForDeploymentPostprocessing = 0;
		};
		F99A5BAB200EAAAC00498366 /* Resources */ = {
			isa = PBXResourcesBuildPhase;
			buildActionMask = 2147483647;
			files = (
			);
			runOnlyForDeploymentPostprocessing = 0;
		};
/* End PBXResourcesBuildPhase section */

/* Begin PBXSourcesBuildPhase section */
		F99A5B8A200EAAAB00498366 /* Sources */ = {
			isa = PBXSourcesBuildPhase;
			buildActionMask = 2147483647;
			files = (
				F99A5B94200EAAAB00498366 /* ViewController.swift in Sources */,
				F99A5B92200EAAAB00498366 /* AppDelegate.swift in Sources */,
			);
			runOnlyForDeploymentPostprocessing = 0;
		};
		F99A5B9E200EAAAC00498366 /* Sources */ = {
			isa = PBXSourcesBuildPhase;
			buildActionMask = 2147483647;
			files = (
				F99A5BA7200EAAAC00498366 /* bucketlistTests.swift in Sources */,
			);
			runOnlyForDeploymentPostprocessing = 0;
		};
		F99A5BA9200EAAAC00498366 /* Sources */ = {
			isa = PBXSourcesBuildPhase;
			buildActionMask = 2147483647;
			files = (
				F99A5BB2200EAAAC00498366 /* bucketlistUITests.swift in Sources */,
			);
			runOnlyForDeploymentPostprocessing = 0;
		};
/* End PBXSourcesBuildPhase section */

/* Begin PBXTargetDependency section */
		F99A5BA4200EAAAC00498366 /* PBXTargetDependency */ = {
			isa = PBXTargetDependency;
			target = F99A5B8D200EAAAB00498366 /* bucketlist */;
			targetProxy = F99A5BA3200EAAAC00498366 /* PBXContainerItemProxy */;
		};
		F99A5BAF200EAAAC00498366 /* PBXTargetDependency */ = {
			isa = PBXTargetDependency;
			target = F99A5B8D200EAAAB00498366 /* bucketlist */;
			targetProxy = F99A5BAE200EAAAC00498366 /* PBXContainerItemProxy */;
		};
/* End PBXTargetDependency section */

/* Begin PBXVariantGroup section */
		F99A5B95200EAAAB00498366 /* Main.storyboard */ = {
			isa = PBXVariantGroup;
			children = (
				F99A5B96200EAAAB00498366 /* Base */,
			);
			name = Main.storyboard;
			sourceTree = "<group>";
		};
		F99A5B9A200EAAAB00498366 /* LaunchScreen.storyboard */ = {
			isa = PBXVariantGroup;
			children = (
				F99A5B9B200EAAAB00498366 /* Base */,
			);
			name = LaunchScreen.storyboard;
			sourceTree = "<group>";
		};
/* End PBXVariantGroup section */

/* Begin XCBuildConfiguration section */
		F99A5BB4200EAAAC00498366 /* Debug */ = {
			isa = XCBuildConfiguration;
			buildSettings = {
				ALWAYS_SEARCH_USER_PATHS = NO;
				CLANG_ANALYZER_NONNULL = YES;
				CLANG_ANALYZER_NUMBER_OBJECT_CONVERSION = YES_AGGRESSIVE;
				CLANG_CXX_LANGUAGE_STANDARD = "gnu++14";
				CLANG_CXX_LIBRARY = "libc++";
				CLANG_ENABLE_MODULES = YES;
				CLANG_ENABLE_OBJC_ARC = YES;
				CLANG_WARN_BLOCK_CAPTURE_AUTORELEASING = YES;
				CLANG_WARN_BOOL_CONVERSION = YES;
				CLANG_WARN_COMMA = YES;
				CLANG_WARN_CONSTANT_CONVERSION = YES;
				CLANG_WARN_DIRECT_OBJC_ISA_USAGE = YES_ERROR;
				CLANG_WARN_DOCUMENTATION_COMMENTS = YES;
				CLANG_WARN_EMPTY_BODY = YES;
				CLANG_WARN_ENUM_CONVERSION = YES;
				CLANG_WARN_INFINITE_RECURSION = YES;
				CLANG_WARN_INT_CONVERSION = YES;
				CLANG_WARN_NON_LITERAL_NULL_CONVERSION = YES;
				CLANG_WARN_OBJC_LITERAL_CONVERSION = YES;
				CLANG_WARN_OBJC_ROOT_CLASS = YES_ERROR;
				CLANG_WARN_RANGE_LOOP_ANALYSIS = YES;
				CLANG_WARN_STRICT_PROTOTYPES = YES;
				CLANG_WARN_SUSPICIOUS_MOVE = YES;
				CLANG_WARN_UNGUARDED_AVAILABILITY = YES_AGGRESSIVE;
				CLANG_WARN_UNREACHABLE_CODE = YES;
				CLANG_WARN__DUPLICATE_METHOD_MATCH = YES;
				CODE_SIGN_IDENTITY = "iPhone Developer";
				COPY_PHASE_STRIP = NO;
				DEBUG_INFORMATION_FORMAT = dwarf;
				ENABLE_STRICT_OBJC_MSGSEND = YES;
				ENABLE_TESTABILITY = YES;
				GCC_C_LANGUAGE_STANDARD = gnu11;
				GCC_DYNAMIC_NO_PIC = NO;
				GCC_NO_COMMON_BLOCKS = YES;
				GCC_OPTIMIZATION_LEVEL = 0;
				GCC_PREPROCESSOR_DEFINITIONS = (
					"DEBUG=1",
					"$(inherited)",
				);
				GCC_WARN_64_TO_32_BIT_CONVERSION = YES;
				GCC_WARN_ABOUT_RETURN_TYPE = YES_ERROR;
				GCC_WARN_UNDECLARED_SELECTOR = YES;
				GCC_WARN_UNINITIALIZED_AUTOS = YES_AGGRESSIVE;
				GCC_WARN_UNUSED_FUNCTION = YES;
				GCC_WARN_UNUSED_VARIABLE = YES;
				IPHONEOS_DEPLOYMENT_TARGET = 11.2;
				MTL_ENABLE_DEBUG_INFO = YES;
				ONLY_ACTIVE_ARCH = YES;
				SDKROOT = iphoneos;
				SWIFT_ACTIVE_COMPILATION_CONDITIONS = DEBUG;
				SWIFT_OPTIMIZATION_LEVEL = "-Onone";
			};
			name = Debug;
		};
		F99A5BB5200EAAAC00498366 /* Release */ = {
			isa = XCBuildConfiguration;
			buildSettings = {
				ALWAYS_SEARCH_USER_PATHS = NO;
				CLANG_ANALYZER_NONNULL = YES;
				CLANG_ANALYZER_NUMBER_OBJECT_CONVERSION = YES_AGGRESSIVE;
				CLANG_CXX_LANGUAGE_STANDARD = "gnu++14";
				CLANG_CXX_LIBRARY = "libc++";
				CLANG_ENABLE_MODULES = YES;
				CLANG_ENABLE_OBJC_ARC = YES;
				CLANG_WARN_BLOCK_CAPTURE_AUTORELEASING = YES;
				CLANG_WARN_BOOL_CONVERSION = YES;
				CLANG_WARN_COMMA = YES;
				CLANG_WARN_CONSTANT_CONVERSION = YES;
				CLANG_WARN_DIRECT_OBJC_ISA_USAGE = YES_ERROR;
				CLANG_WARN_DOCUMENTATION_COMMENTS = YES;
				CLANG_WARN_EMPTY_BODY = YES;
				CLANG_WARN_ENUM_CONVERSION = YES;
				CLANG_WARN_INFINITE_RECURSION = YES;
				CLANG_WARN_INT_CONVERSION = YES;
				CLANG_WARN_NON_LITERAL_NULL_CONVERSION = YES;
				CLANG_WARN_OBJC_LITERAL_CONVERSION = YES;
				CLANG_WARN_OBJC_ROOT_CLASS = YES_ERROR;
				CLANG_WARN_RANGE_LOOP_ANALYSIS = YES;
				CLANG_WARN_STRICT_PROTOTYPES = YES;
				CLANG_WARN_SUSPICIOUS_MOVE = YES;
				CLANG_WARN_UNGUARDED_AVAILABILITY = YES_AGGRESSIVE;
				CLANG_WARN_UNREACHABLE_CODE = YES;
				CLANG_WARN__DUPLICATE_METHOD_MATCH = YES;
				CODE_SIGN_IDENTITY = "iPhone Developer";
				COPY_PHASE_STRIP = NO;
				DEBUG_INFORMATION_FORMAT = "dwarf-with-dsym";
				ENABLE_NS_ASSERTIONS = NO;
				ENABLE_STRICT_OBJC_MSGSEND = YES;
				GCC_C_LANGUAGE_STANDARD = gnu11;
				GCC_NO_COMMON_BLOCKS = YES;
				GCC_WARN_64_TO_32_BIT_CONVERSION = YES;
				GCC_WARN_ABOUT_RETURN_TYPE = YES_ERROR;
				GCC_WARN_UNDECLARED_SELECTOR = YES;
				GCC_WARN_UNINITIALIZED_AUTOS = YES_AGGRESSIVE;
				GCC_WARN_UNUSED_FUNCTION = YES;
				GCC_WARN_UNUSED_VARIABLE = YES;
				IPHONEOS_DEPLOYMENT_TARGET = 11.2;
				MTL_ENABLE_DEBUG_INFO = NO;
				SDKROOT = iphoneos;
				SWIFT_OPTIMIZATION_LEVEL = "-Owholemodule";
				VALIDATE_PRODUCT = YES;
			};
			name = Release;
		};
		F99A5BB7200EAAAC00498366 /* Debug */ = {
			isa = XCBuildConfiguration;
			buildSettings = {
				ASSETCATALOG_COMPILER_APPICON_NAME = AppIcon;
				CODE_SIGN_STYLE = Automatic;
				DEVELOPMENT_TEAM = 7S6V5Z4QGC;
				INFOPLIST_FILE = bucketlist/Info.plist;
				LD_RUNPATH_SEARCH_PATHS = "$(inherited) @executable_path/Frameworks";
				PRODUCT_BUNDLE_IDENTIFIER = com.activealarm.bucketlist;
				PRODUCT_NAME = "$(TARGET_NAME)";
				SWIFT_VERSION = 4.0;
				TARGETED_DEVICE_FAMILY = "1,2";
			};
			name = Debug;
		};
		F99A5BB8200EAAAC00498366 /* Release */ = {
			isa = XCBuildConfiguration;
			buildSettings = {
				ASSETCATALOG_COMPILER_APPICON_NAME = AppIcon;
				CODE_SIGN_STYLE = Automatic;
				DEVELOPMENT_TEAM = 7S6V5Z4QGC;
				INFOPLIST_FILE = bucketlist/Info.plist;
				LD_RUNPATH_SEARCH_PATHS = "$(inherited) @executable_path/Frameworks";
				PRODUCT_BUNDLE_IDENTIFIER = com.activealarm.bucketlist;
				PRODUCT_NAME = "$(TARGET_NAME)";
				SWIFT_VERSION = 4.0;
				TARGETED_DEVICE_FAMILY = "1,2";
			};
			name = Release;
		};
		F99A5BBA200EAAAC00498366 /* Debug */ = {
			isa = XCBuildConfiguration;
			buildSettings = {
				ALWAYS_EMBED_SWIFT_STANDARD_LIBRARIES = YES;
				BUNDLE_LOADER = "$(TEST_HOST)";
				CODE_SIGN_STYLE = Automatic;
				DEVELOPMENT_TEAM = 7S6V5Z4QGC;
				INFOPLIST_FILE = bucketlistTests/Info.plist;
				LD_RUNPATH_SEARCH_PATHS = "$(inherited) @executable_path/Frameworks @loader_path/Frameworks";
				PRODUCT_BUNDLE_IDENTIFIER = com.activealarm.bucketlistTests;
				PRODUCT_NAME = "$(TARGET_NAME)";
				SWIFT_VERSION = 4.0;
				TARGETED_DEVICE_FAMILY = "1,2";
				TEST_HOST = "$(BUILT_PRODUCTS_DIR)/bucketlist.app/bucketlist";
			};
			name = Debug;
		};
		F99A5BBB200EAAAC00498366 /* Release */ = {
			isa = XCBuildConfiguration;
			buildSettings = {
				ALWAYS_EMBED_SWIFT_STANDARD_LIBRARIES = YES;
				BUNDLE_LOADER = "$(TEST_HOST)";
				CODE_SIGN_STYLE = Automatic;
				DEVELOPMENT_TEAM = 7S6V5Z4QGC;
				INFOPLIST_FILE = bucketlistTests/Info.plist;
				LD_RUNPATH_SEARCH_PATHS = "$(inherited) @executable_path/Frameworks @loader_path/Frameworks";
				PRODUCT_BUNDLE_IDENTIFIER = com.activealarm.bucketlistTests;
				PRODUCT_NAME = "$(TARGET_NAME)";
				SWIFT_VERSION = 4.0;
				TARGETED_DEVICE_FAMILY = "1,2";
				TEST_HOST = "$(BUILT_PRODUCTS_DIR)/bucketlist.app/bucketlist";
			};
			name = Release;
		};
		F99A5BBD200EAAAC00498366 /* Debug */ = {
			isa = XCBuildConfiguration;
			buildSettings = {
				ALWAYS_EMBED_SWIFT_STANDARD_LIBRARIES = YES;
				CODE_SIGN_STYLE = Automatic;
				DEVELOPMENT_TEAM = 7S6V5Z4QGC;
				INFOPLIST_FILE = bucketlistUITests/Info.plist;
				LD_RUNPATH_SEARCH_PATHS = "$(inherited) @executable_path/Frameworks @loader_path/Frameworks";
				PRODUCT_BUNDLE_IDENTIFIER = com.activealarm.bucketlistUITests;
				PRODUCT_NAME = "$(TARGET_NAME)";
				SWIFT_VERSION = 4.0;
				TARGETED_DEVICE_FAMILY = "1,2";
				TEST_TARGET_NAME = bucketlist;
			};
			name = Debug;
		};
		F99A5BBE200EAAAC00498366 /* Release */ = {
			isa = XCBuildConfiguration;
			buildSettings = {
				ALWAYS_EMBED_SWIFT_STANDARD_LIBRARIES = YES;
				CODE_SIGN_STYLE = Automatic;
				DEVELOPMENT_TEAM = 7S6V5Z4QGC;
				INFOPLIST_FILE = bucketlistUITests/Info.plist;
				LD_RUNPATH_SEARCH_PATHS = "$(inherited) @executable_path/Frameworks @loader_path/Frameworks";
				PRODUCT_BUNDLE_IDENTIFIER = com.activealarm.bucketlistUITests;
				PRODUCT_NAME = "$(TARGET_NAME)";
				SWIFT_VERSION = 4.0;
				TARGETED_DEVICE_FAMILY = "1,2";
				TEST_TARGET_NAME = bucketlist;
			};
			name = Release;
		};
/* End XCBuildConfiguration section */

/* Begin XCConfigurationList section */
		F99A5B89200EAAAB00498366 /* Build configuration list for PBXProject "bucketlist" */ = {
			isa = XCConfigurationList;
			buildConfigurations = (
				F99A5BB4200EAAAC00498366 /* Debug */,
				F99A5BB5200EAAAC00498366 /* Release */,
			);
			defaultConfigurationIsVisible = 0;
			defaultConfigurationName = Release;
		};
		F99A5BB6200EAAAC00498366 /* Build configuration list for PBXNativeTarget "bucketlist" */ = {
			isa = XCConfigurationList;
			buildConfigurations = (
				F99A5BB7200EAAAC00498366 /* Debug */,
				F99A5BB8200EAAAC00498366 /* Release */,
			);
			defaultConfigurationIsVisible = 0;
			defaultConfigurationName = Release;
		};
		F99A5BB9200EAAAC00498366 /* Build configuration list for PBXNativeTarget "bucketlistTests" */ = {
			isa = XCConfigurationList;
			buildConfigurations = (
				F99A5BBA200EAAAC00498366 /* Debug */,
				F99A5BBB200EAAAC00498366 /* Release */,
			);
			defaultConfigurationIsVisible = 0;
			defaultConfigurationName = Release;
		};
		F99A5BBC200EAAAC00498366 /* Build configuration list for PBXNativeTarget "bucketlistUITests" */ = {
			isa = XCConfigurationList;
			buildConfigurations = (
				F99A5BBD200EAAAC00498366 /* Debug */,
				F99A5BBE200EAAAC00498366 /* Release */,
			);
			defaultConfigurationIsVisible = 0;
			defaultConfigurationName = Release;
		};
/* End XCConfigurationList section */
	};
	rootObject = F99A5B86200EAAAB00498366 /* Project object */;
}
